
Microsoft Visual Studio Solution File, Format Version 12.00
# Visual Studio 15
VisualStudioVersion = 15.0.27703.2026
MinimumVisualStudioVersion = 10.0.40219.1
Project("{9A19103F-16F7-4668-BE54-9A1E7A4F7556}") = "Alpaca.Markets", "Alpaca.Markets\Alpaca.Markets.csproj", "{F339D73B-347F-47D4-9BFB-EBEA010FC6F7}"
EndProject
Project("{9A19103F-16F7-4668-BE54-9A1E7A4F7556}") = "UsageExamples", "UsageExamples\UsageExamples.csproj", "{0978C009-0490-4A98-A219-87EB1127BD20}"
EndProject
Global
	GlobalSection(SolutionConfigurationPlatforms) = preSolution
		Debug|Any CPU = Debug|Any CPU
		Release|Any CPU = Release|Any CPU
	EndGlobalSection
	GlobalSection(ProjectConfigurationPlatforms) = postSolution
		{F339D73B-347F-47D4-9BFB-EBEA010FC6F7}.Debug|Any CPU.ActiveCfg = Debug|Any CPU
		{F339D73B-347F-47D4-9BFB-EBEA010FC6F7}.Debug|Any CPU.Build.0 = Debug|Any CPU
		{F339D73B-347F-47D4-9BFB-EBEA010FC6F7}.Release|Any CPU.ActiveCfg = Release|Any CPU
		{F339D73B-347F-47D4-9BFB-EBEA010FC6F7}.Release|Any CPU.Build.0 = Release|Any CPU
		{0978C009-0490-4A98-A219-87EB1127BD20}.Debug|Any CPU.ActiveCfg = Debug|Any CPU
		{0978C009-0490-4A98-A219-87EB1127BD20}.Debug|Any CPU.Build.0 = Debug|Any CPU
		{0978C009-0490-4A98-A219-87EB1127BD20}.Release|Any CPU.ActiveCfg = Release|Any CPU
		{0978C009-0490-4A98-A219-87EB1127BD20}.Release|Any CPU.Build.0 = Release|Any CPU
	EndGlobalSection
	GlobalSection(SolutionProperties) = preSolution
		HideSolutionNode = FALSE
	EndGlobalSection
	GlobalSection(ExtensibilityGlobals) = postSolution
		SolutionGuid = {7748A3F4-1EFB-47D1-AFC7-C558CCBA9FCE}
	EndGlobalSection
EndGlobal
