
Microsoft Visual Studio Solution File, Format Version 12.00
# Visual Studio Version 17
VisualStudioVersion = 17.0.32112.339
MinimumVisualStudioVersion = 10.0.40219.1
Project("{9A19103F-16F7-4668-BE54-9A1E7A4F7556}") = "Alpaca.Markets", "Alpaca.Markets\Alpaca.Markets.csproj", "{F339D73B-347F-47D4-9BFB-EBEA010FC6F7}"
EndProject
Project("{9A19103F-16F7-4668-BE54-9A1E7A4F7556}") = "UsageExamples", "UsageExamples\UsageExamples.csproj", "{0978C009-0490-4A98-A219-87EB1127BD20}"
EndProject
Project("{9A19103F-16F7-4668-BE54-9A1E7A4F7556}") = "Documentation", "Documentation\Documentation.csproj", "{0ECB1697-4464-4970-AD06-E98245702B44}"
EndProject
Project("{9A19103F-16F7-4668-BE54-9A1E7A4F7556}") = "Alpaca.Markets.Extensions", "Alpaca.Markets.Extensions\Alpaca.Markets.Extensions.csproj", "{4CCE5C4A-688A-40DA-BEFD-12E6803B41D3}"
EndProject
Project("{2150E333-8FDC-42A3-9474-1A3956D46DE8}") = "Solution Items", "Solution Items", "{7CB95A13-09E5-49B1-803C-409F25BD1AAA}"
	ProjectSection(SolutionItems) = preProject
		.editorconfig = .editorconfig
	EndProjectSection
EndProject
Project("{9A19103F-16F7-4668-BE54-9A1E7A4F7556}") = "Alpaca.Markets.Tests", "Alpaca.Markets.Tests\Alpaca.Markets.Tests.csproj", "{7573A263-9A73-460F-ABB5-5C9B96B44022}"
EndProject
Project("{9A19103F-16F7-4668-BE54-9A1E7A4F7556}") = "Alpaca.Markets.Extensions.Tests", "Alpaca.Markets.Extensions.Tests\Alpaca.Markets.Extensions.Tests.csproj", "{4D9511D5-CB47-47B1-98E3-A92E02960CD4}"
EndProject
Project("{D954291E-2A0B-460D-934E-DC6B0785DB48}") = "Portable.Helpers", "Portable.Helpers\Portable.Helpers.shproj", "{B628BF16-AB9C-4A2C-B13F-3FCC491D15D7}"
EndProject
Project("{2150E333-8FDC-42A3-9474-1A3956D46DE8}") = "Workflows", "Workflows", "{7447D0EC-8468-4527-8223-6A27A674448B}"
	ProjectSection(SolutionItems) = preProject
		.github\workflows\codeql-analysis.yml = .github\workflows\codeql-analysis.yml
		.github\workflows\documentation.yml = .github\workflows\documentation.yml
		.github\workflows\lockfiles.yml = .github\workflows\lockfiles.yml
		.github\workflows\release.yml = .github\workflows\release.yml
	EndProjectSection
EndProject
Global
	GlobalSection(SolutionConfigurationPlatforms) = preSolution
		Debug|Any CPU = Debug|Any CPU
		Documentation|Any CPU = Documentation|Any CPU
		Release|Any CPU = Release|Any CPU
	EndGlobalSection
	GlobalSection(ProjectConfigurationPlatforms) = postSolution
		{F339D73B-347F-47D4-9BFB-EBEA010FC6F7}.Debug|Any CPU.ActiveCfg = Debug|Any CPU
		{F339D73B-347F-47D4-9BFB-EBEA010FC6F7}.Debug|Any CPU.Build.0 = Debug|Any CPU
		{F339D73B-347F-47D4-9BFB-EBEA010FC6F7}.Documentation|Any CPU.ActiveCfg = Release|Any CPU
		{F339D73B-347F-47D4-9BFB-EBEA010FC6F7}.Documentation|Any CPU.Build.0 = Release|Any CPU
		{F339D73B-347F-47D4-9BFB-EBEA010FC6F7}.Release|Any CPU.ActiveCfg = Release|Any CPU
		{F339D73B-347F-47D4-9BFB-EBEA010FC6F7}.Release|Any CPU.Build.0 = Release|Any CPU
		{0978C009-0490-4A98-A219-87EB1127BD20}.Debug|Any CPU.ActiveCfg = Debug|Any CPU
		{0978C009-0490-4A98-A219-87EB1127BD20}.Debug|Any CPU.Build.0 = Debug|Any CPU
		{0978C009-0490-4A98-A219-87EB1127BD20}.Documentation|Any CPU.ActiveCfg = Release|Any CPU
		{0978C009-0490-4A98-A219-87EB1127BD20}.Release|Any CPU.ActiveCfg = Release|Any CPU
		{0978C009-0490-4A98-A219-87EB1127BD20}.Release|Any CPU.Build.0 = Release|Any CPU
		{0ECB1697-4464-4970-AD06-E98245702B44}.Debug|Any CPU.ActiveCfg = Debug|Any CPU
		{0ECB1697-4464-4970-AD06-E98245702B44}.Documentation|Any CPU.ActiveCfg = Release|Any CPU
		{0ECB1697-4464-4970-AD06-E98245702B44}.Documentation|Any CPU.Build.0 = Release|Any CPU
		{0ECB1697-4464-4970-AD06-E98245702B44}.Release|Any CPU.ActiveCfg = Release|Any CPU
		{4CCE5C4A-688A-40DA-BEFD-12E6803B41D3}.Debug|Any CPU.ActiveCfg = Debug|Any CPU
		{4CCE5C4A-688A-40DA-BEFD-12E6803B41D3}.Debug|Any CPU.Build.0 = Debug|Any CPU
		{4CCE5C4A-688A-40DA-BEFD-12E6803B41D3}.Documentation|Any CPU.ActiveCfg = Release|Any CPU
		{4CCE5C4A-688A-40DA-BEFD-12E6803B41D3}.Documentation|Any CPU.Build.0 = Release|Any CPU
		{4CCE5C4A-688A-40DA-BEFD-12E6803B41D3}.Release|Any CPU.ActiveCfg = Release|Any CPU
		{4CCE5C4A-688A-40DA-BEFD-12E6803B41D3}.Release|Any CPU.Build.0 = Release|Any CPU
		{7573A263-9A73-460F-ABB5-5C9B96B44022}.Debug|Any CPU.ActiveCfg = Debug|Any CPU
		{7573A263-9A73-460F-ABB5-5C9B96B44022}.Debug|Any CPU.Build.0 = Debug|Any CPU
		{7573A263-9A73-460F-ABB5-5C9B96B44022}.Documentation|Any CPU.ActiveCfg = Debug|Any CPU
		{7573A263-9A73-460F-ABB5-5C9B96B44022}.Release|Any CPU.ActiveCfg = Release|Any CPU
		{4D9511D5-CB47-47B1-98E3-A92E02960CD4}.Debug|Any CPU.ActiveCfg = Debug|Any CPU
		{4D9511D5-CB47-47B1-98E3-A92E02960CD4}.Debug|Any CPU.Build.0 = Debug|Any CPU
		{4D9511D5-CB47-47B1-98E3-A92E02960CD4}.Documentation|Any CPU.ActiveCfg = Debug|Any CPU
		{4D9511D5-CB47-47B1-98E3-A92E02960CD4}.Release|Any CPU.ActiveCfg = Release|Any CPU
	EndGlobalSection
	GlobalSection(SolutionProperties) = preSolution
		HideSolutionNode = FALSE
	EndGlobalSection
	GlobalSection(ExtensibilityGlobals) = postSolution
		SolutionGuid = {7748A3F4-1EFB-47D1-AFC7-C558CCBA9FCE}
	EndGlobalSection
	GlobalSection(SharedMSBuildProjectFiles) = preSolution
		Portable.Helpers\Portable.Helpers.projitems*{4cce5c4a-688a-40da-befd-12e6803b41d3}*SharedItemsImports = 5
		Portable.Helpers\Portable.Helpers.projitems*{b628bf16-ab9c-4a2c-b13f-3fcc491d15d7}*SharedItemsImports = 13
		Portable.Helpers\Portable.Helpers.projitems*{f339d73b-347f-47d4-9bfb-ebea010fc6f7}*SharedItemsImports = 5
	EndGlobalSection
EndGlobal
